
Microsoft Visual Studio Solution File, Format Version 12.00
# Visual Studio 15
VisualStudioVersion = 15.0.28010.2046
MinimumVisualStudioVersion = 10.0.40219.1
Project("{FAE04EC0-301F-11D3-BF4B-00C04F79EFBC}") = "BitirmeProjesi", "BitirmeProjesi\BitirmeProjesi.csproj", "{BB56441F-01A5-4C40-8919-BA4F072B9440}"
EndProject
Global
	GlobalSection(SolutionConfigurationPlatforms) = preSolution
		Debug|Any CPU = Debug|Any CPU
		Release|Any CPU = Release|Any CPU
	EndGlobalSection
	GlobalSection(ProjectConfigurationPlatforms) = postSolution
		{BB56441F-01A5-4C40-8919-BA4F072B9440}.Debug|Any CPU.ActiveCfg = Debug|Any CPU
		{BB56441F-01A5-4C40-8919-BA4F072B9440}.Debug|Any CPU.Build.0 = Debug|Any CPU
		{BB56441F-01A5-4C40-8919-BA4F072B9440}.Release|Any CPU.ActiveCfg = Release|Any CPU
		{BB56441F-01A5-4C40-8919-BA4F072B9440}.Release|Any CPU.Build.0 = Release|Any CPU
	EndGlobalSection
	GlobalSection(SolutionProperties) = preSolution
		HideSolutionNode = FALSE
	EndGlobalSection
	GlobalSection(ExtensibilityGlobals) = postSolution
		SolutionGuid = {8B4D0BBF-2374-4130-BAA4-E391A12053C0}
	EndGlobalSection
EndGlobal
